
Microsoft Visual Studio Solution File, Format Version 12.00
# Visual Studio Version 17
VisualStudioVersion = 17.3.32825.248
MinimumVisualStudioVersion = 10.0.40219.1
Project("{9A19103F-16F7-4668-BE54-9A1E7A4F7556}") = "CharacterRecognitionBP", "CharacterRecognitionBP\CharacterRecognitionBP.csproj", "{1DEBEF28-7015-47B8-8807-BB3B0E86395B}"
EndProject
Project("{9A19103F-16F7-4668-BE54-9A1E7A4F7556}") = "CharacterRecognitionBP.Common", "CharacterRecognitionBP.Common\CharacterRecognitionBP.Common.csproj", "{1241E0B8-24F4-4040-B1B7-EF8EF195F7F6}"
EndProject
Project("{9A19103F-16F7-4668-BE54-9A1E7A4F7556}") = "CharacterRecognitionBP.Utils", "CharacterRecognitionBP.Utils\CharacterRecognitionBP.Utils.csproj", "{952D5DD2-C190-43FB-873B-5AC7BD788D7C}"
EndProject
Project("{9A19103F-16F7-4668-BE54-9A1E7A4F7556}") = "CharacterRecognitionBP.Interfaces", "CharacterRecognitionBP.Interfaces\CharacterRecognitionBP.Interfaces.csproj", "{E80DD394-C209-483F-B4F0-3B9019797827}"
EndProject
Project("{9A19103F-16F7-4668-BE54-9A1E7A4F7556}") = "CharacterRecognitionBP.Core", "CharacterRecognitionBP.Core\CharacterRecognitionBP.Core.csproj", "{BB02FAA4-CEC0-455F-82CE-56D31F7E6E43}"
EndProject
Project("{9A19103F-16F7-4668-BE54-9A1E7A4F7556}") = "CharacterRecognition", "CharacterRecognition\CharacterRecognition.csproj", "{89A4CA78-BEAB-4E32-8A78-5E7E316C61D8}"
EndProject
Global
	GlobalSection(SolutionConfigurationPlatforms) = preSolution
		Debug|Any CPU = Debug|Any CPU
		Release|Any CPU = Release|Any CPU
	EndGlobalSection
	GlobalSection(ProjectConfigurationPlatforms) = postSolution
		{1DEBEF28-7015-47B8-8807-BB3B0E86395B}.Debug|Any CPU.ActiveCfg = Debug|Any CPU
		{1DEBEF28-7015-47B8-8807-BB3B0E86395B}.Debug|Any CPU.Build.0 = Debug|Any CPU
		{1DEBEF28-7015-47B8-8807-BB3B0E86395B}.Release|Any CPU.ActiveCfg = Release|Any CPU
		{1DEBEF28-7015-47B8-8807-BB3B0E86395B}.Release|Any CPU.Build.0 = Release|Any CPU
		{1241E0B8-24F4-4040-B1B7-EF8EF195F7F6}.Debug|Any CPU.ActiveCfg = Debug|Any CPU
		{1241E0B8-24F4-4040-B1B7-EF8EF195F7F6}.Debug|Any CPU.Build.0 = Debug|Any CPU
		{1241E0B8-24F4-4040-B1B7-EF8EF195F7F6}.Release|Any CPU.ActiveCfg = Release|Any CPU
		{1241E0B8-24F4-4040-B1B7-EF8EF195F7F6}.Release|Any CPU.Build.0 = Release|Any CPU
		{952D5DD2-C190-43FB-873B-5AC7BD788D7C}.Debug|Any CPU.ActiveCfg = Debug|Any CPU
		{952D5DD2-C190-43FB-873B-5AC7BD788D7C}.Debug|Any CPU.Build.0 = Debug|Any CPU
		{952D5DD2-C190-43FB-873B-5AC7BD788D7C}.Release|Any CPU.ActiveCfg = Release|Any CPU
		{952D5DD2-C190-43FB-873B-5AC7BD788D7C}.Release|Any CPU.Build.0 = Release|Any CPU
		{E80DD394-C209-483F-B4F0-3B9019797827}.Debug|Any CPU.ActiveCfg = Debug|Any CPU
		{E80DD394-C209-483F-B4F0-3B9019797827}.Debug|Any CPU.Build.0 = Debug|Any CPU
		{E80DD394-C209-483F-B4F0-3B9019797827}.Release|Any CPU.ActiveCfg = Release|Any CPU
		{E80DD394-C209-483F-B4F0-3B9019797827}.Release|Any CPU.Build.0 = Release|Any CPU
		{BB02FAA4-CEC0-455F-82CE-56D31F7E6E43}.Debug|Any CPU.ActiveCfg = Debug|Any CPU
		{BB02FAA4-CEC0-455F-82CE-56D31F7E6E43}.Debug|Any CPU.Build.0 = Debug|Any CPU
		{BB02FAA4-CEC0-455F-82CE-56D31F7E6E43}.Release|Any CPU.ActiveCfg = Release|Any CPU
		{BB02FAA4-CEC0-455F-82CE-56D31F7E6E43}.Release|Any CPU.Build.0 = Release|Any CPU
		{89A4CA78-BEAB-4E32-8A78-5E7E316C61D8}.Debug|Any CPU.ActiveCfg = Debug|Any CPU
		{89A4CA78-BEAB-4E32-8A78-5E7E316C61D8}.Debug|Any CPU.Build.0 = Debug|Any CPU
		{89A4CA78-BEAB-4E32-8A78-5E7E316C61D8}.Release|Any CPU.ActiveCfg = Release|Any CPU
		{89A4CA78-BEAB-4E32-8A78-5E7E316C61D8}.Release|Any CPU.Build.0 = Release|Any CPU
	EndGlobalSection
	GlobalSection(SolutionProperties) = preSolution
		HideSolutionNode = FALSE
	EndGlobalSection
	GlobalSection(ExtensibilityGlobals) = postSolution
		SolutionGuid = {2B39AFAB-6887-41C6-A0C3-D46751AE0E81}
	EndGlobalSection
EndGlobal
